
Microsoft Visual Studio Solution File, Format Version 12.00
# Visual Studio 15
VisualStudioVersion = 15.0.28307.1738
MinimumVisualStudioVersion = 10.0.40219.1
Project("{FAE04EC0-301F-11D3-BF4B-00C04F79EFBC}") = "MyPetshop", "MyPetshop\MyPetshop.csproj", "{2C039C73-470F-4B1D-A728-9B465CFC69A8}"
EndProject
Project("{54435603-DBB4-11D2-8724-00A0C9A8B90C}") = "Setup1", "Setup1\Setup1.vdproj", "{4B9E2AFD-4FA8-4F09-839E-6B8F908B007B}"
EndProject
Global
	GlobalSection(SolutionConfigurationPlatforms) = preSolution
		Debug|Any CPU = Debug|Any CPU
		Release|Any CPU = Release|Any CPU
	EndGlobalSection
	GlobalSection(ProjectConfigurationPlatforms) = postSolution
		{2C039C73-470F-4B1D-A728-9B465CFC69A8}.Debug|Any CPU.ActiveCfg = Debug|Any CPU
		{2C039C73-470F-4B1D-A728-9B465CFC69A8}.Debug|Any CPU.Build.0 = Debug|Any CPU
		{2C039C73-470F-4B1D-A728-9B465CFC69A8}.Release|Any CPU.ActiveCfg = Release|Any CPU
		{2C039C73-470F-4B1D-A728-9B465CFC69A8}.Release|Any CPU.Build.0 = Release|Any CPU
		{4B9E2AFD-4FA8-4F09-839E-6B8F908B007B}.Debug|Any CPU.ActiveCfg = Debug
		{4B9E2AFD-4FA8-4F09-839E-6B8F908B007B}.Release|Any CPU.ActiveCfg = Release
	EndGlobalSection
	GlobalSection(SolutionProperties) = preSolution
		HideSolutionNode = FALSE
	EndGlobalSection
	GlobalSection(ExtensibilityGlobals) = postSolution
		SolutionGuid = {603F9376-5701-4A21-8D30-B3E604E52575}
	EndGlobalSection
	GlobalSection(SolutionConfigurationPlatforms) = preSolution
		Debug|Any CPU = Debug|Any CPU
		Release|Any CPU = Release|Any CPU
	EndGlobalSection
EndGlobal
